
Microsoft Visual Studio Solution File, Format Version 12.00
# Visual Studio Version 17
VisualStudioVersion = 17.11.35208.52
MinimumVisualStudioVersion = 10.0.40219.1
Project("{FAE04EC0-301F-11D3-BF4B-00C04F79EFBC}") = "sp_hw5", "sp_hw5\sp_hw5.csproj", "{F61046F4-44D8-4379-85F9-066698D899B6}"
EndProject
Global
	GlobalSection(SolutionConfigurationPlatforms) = preSolution
		Debug|Any CPU = Debug|Any CPU
		Release|Any CPU = Release|Any CPU
	EndGlobalSection
	GlobalSection(ProjectConfigurationPlatforms) = postSolution
		{F61046F4-44D8-4379-85F9-066698D899B6}.Debug|Any CPU.ActiveCfg = Debug|Any CPU
		{F61046F4-44D8-4379-85F9-066698D899B6}.Debug|Any CPU.Build.0 = Debug|Any CPU
		{F61046F4-44D8-4379-85F9-066698D899B6}.Release|Any CPU.ActiveCfg = Release|Any CPU
		{F61046F4-44D8-4379-85F9-066698D899B6}.Release|Any CPU.Build.0 = Release|Any CPU
	EndGlobalSection
	GlobalSection(SolutionProperties) = preSolution
		HideSolutionNode = FALSE
	EndGlobalSection
	GlobalSection(ExtensibilityGlobals) = postSolution
		SolutionGuid = {BC1EB245-0FBB-4631-B71F-9A3087C9E67B}
	EndGlobalSection
EndGlobal
